{
  "name": "AlpheiosSimpleDemo",
  "version": "1.0.0",
  "lockfileVersion": 1,
  "requires": true,
  "dependencies": {
    "alpheios-components": {
      "version": "github:alpheios-project/components#9fa7dbea271e482c0bd6c9839182f78293cf67e6",
      "from": "github:alpheios-project/components"
    },
    "alpheios-embedded": {
      "version": "github:alpheios-project/embed-lib#f76a821ae01f0857bc00dedd0eb97a00abf0d7d7",
      "from": "github:alpheios-project/embed-lib"
    }
  }
}
